
Microsoft Visual Studio Solution File, Format Version 12.00
# Visual Studio Version 17
VisualStudioVersion = 17.10.35122.118
MinimumVisualStudioVersion = 10.0.40219.1
Project("{FAE04EC0-301F-11D3-BF4B-00C04F79EFBC}") = "LijnBlog.Api", "LijnBlog.Api\LijnBlog.Api.csproj", "{D01FDF07-808C-4954-986F-C2B5901930CD}"
EndProject
Project("{FAE04EC0-301F-11D3-BF4B-00C04F79EFBC}") = "LijnBlog.Application", "LijnBlog.Application\LijnBlog.Application.csproj", "{1F75876B-773F-4D71-9FE6-BB7B2165C834}"
EndProject
Global
	GlobalSection(SolutionConfigurationPlatforms) = preSolution
		Debug|Any CPU = Debug|Any CPU
		Release|Any CPU = Release|Any CPU
	EndGlobalSection
	GlobalSection(ProjectConfigurationPlatforms) = postSolution
		{D01FDF07-808C-4954-986F-C2B5901930CD}.Debug|Any CPU.ActiveCfg = Debug|Any CPU
		{D01FDF07-808C-4954-986F-C2B5901930CD}.Debug|Any CPU.Build.0 = Debug|Any CPU
		{D01FDF07-808C-4954-986F-C2B5901930CD}.Release|Any CPU.ActiveCfg = Release|Any CPU
		{D01FDF07-808C-4954-986F-C2B5901930CD}.Release|Any CPU.Build.0 = Release|Any CPU
		{1F75876B-773F-4D71-9FE6-BB7B2165C834}.Debug|Any CPU.ActiveCfg = Debug|Any CPU
		{1F75876B-773F-4D71-9FE6-BB7B2165C834}.Debug|Any CPU.Build.0 = Debug|Any CPU
		{1F75876B-773F-4D71-9FE6-BB7B2165C834}.Release|Any CPU.ActiveCfg = Release|Any CPU
		{1F75876B-773F-4D71-9FE6-BB7B2165C834}.Release|Any CPU.Build.0 = Release|Any CPU
	EndGlobalSection
	GlobalSection(SolutionProperties) = preSolution
		HideSolutionNode = FALSE
	EndGlobalSection
	GlobalSection(ExtensibilityGlobals) = postSolution
		SolutionGuid = {3D18A235-9337-43F7-9711-12727DCD9947}
	EndGlobalSection
EndGlobal
